
Microsoft Visual Studio Solution File, Format Version 12.00
# Visual Studio Version 17
VisualStudioVersion = 17.5.002.0
MinimumVisualStudioVersion = 10.0.40219.1
Project("{9A19103F-16F7-4668-BE54-9A1E7A4F7556}") = "Btap1WA", "Btap1WA.csproj", "{CDAE1D44-CF7E-4208-B504-70CC27EE6317}"
EndProject
Global
	GlobalSection(SolutionConfigurationPlatforms) = preSolution
		Debug|Any CPU = Debug|Any CPU
		Release|Any CPU = Release|Any CPU
	EndGlobalSection
	GlobalSection(ProjectConfigurationPlatforms) = postSolution
		{CDAE1D44-CF7E-4208-B504-70CC27EE6317}.Debug|Any CPU.ActiveCfg = Debug|Any CPU
		{CDAE1D44-CF7E-4208-B504-70CC27EE6317}.Debug|Any CPU.Build.0 = Debug|Any CPU
		{CDAE1D44-CF7E-4208-B504-70CC27EE6317}.Release|Any CPU.ActiveCfg = Release|Any CPU
		{CDAE1D44-CF7E-4208-B504-70CC27EE6317}.Release|Any CPU.Build.0 = Release|Any CPU
	EndGlobalSection
	GlobalSection(SolutionProperties) = preSolution
		HideSolutionNode = FALSE
	EndGlobalSection
	GlobalSection(ExtensibilityGlobals) = postSolution
		SolutionGuid = {5F9975F0-12C7-4E40-9BBB-50E9CBA0F921}
	EndGlobalSection
EndGlobal
